// !$*UTF8*$!
{
	archiveVersion = 1;
	classes = {
	};
	objectVersion = 55;
	objects = {

/* Begin PBXBuildFile section */
		DD5CB5E727D19F7800870E02 /* ColorPickerRing in Frameworks */ = {isa = PBXBuildFile; productRef = DD5CB5E627D19F7800870E02 /* ColorPickerRing */; };
		DD5CB5E927D1BA3200870E02 /* InfoView.swift in Sources */ = {isa = PBXBuildFile; fileRef = DD5CB5E827D1BA3200870E02 /* InfoView.swift */; };
		DD7E9B7527CAF2C70011A5B1 /* Stem_PlayerApp.swift in Sources */ = {isa = PBXBuildFile; fileRef = DD7E9B7427CAF2C70011A5B1 /* Stem_PlayerApp.swift */; };
		DD7E9B7927CAF2C80011A5B1 /* Assets.xcassets in Resources */ = {isa = PBXBuildFile; fileRef = DD7E9B7827CAF2C80011A5B1 /* Assets.xcassets */; };
		DD7E9B7C27CAF2C80011A5B1 /* Preview Assets.xcassets in Resources */ = {isa = PBXBuildFile; fileRef = DD7E9B7B27CAF2C80011A5B1 /* Preview Assets.xcassets */; };
		DD7E9B8427CAF2DF0011A5B1 /* ContentView.swift in Sources */ = {isa = PBXBuildFile; fileRef = DD7E9B8227CAF2DF0011A5B1 /* ContentView.swift */; };
		DD7E9B8527CAF2DF0011A5B1 /* DocumentPicker.swift in Sources */ = {isa = PBXBuildFile; fileRef = DD7E9B8327CAF2DF0011A5B1 /* DocumentPicker.swift */; };
		DD9CC66527CDE14700B8D0A0 /* Shared.swift in Sources */ = {isa = PBXBuildFile; fileRef = DD9CC66427CDE14700B8D0A0 /* Shared.swift */; };
		DD9CC66727CDE2B200B8D0A0 /* LibraryView.swift in Sources */ = {isa = PBXBuildFile; fileRef = DD9CC66627CDE2B200B8D0A0 /* LibraryView.swift */; };
		DD9F1BDF27CD4A0800FF7AE5 /* AddSongView.swift in Sources */ = {isa = PBXBuildFile; fileRef = DD9F1BDE27CD4A0800FF7AE5 /* AddSongView.swift */; };
		DD9F1BE127CD528800FF7AE5 /* Track.swift in Sources */ = {isa = PBXBuildFile; fileRef = DD9F1BE027CD528800FF7AE5 /* Track.swift */; };
		DD9F1BE327CD52C700FF7AE5 /* StemPlayer.swift in Sources */ = {isa = PBXBuildFile; fileRef = DD9F1BE227CD52C700FF7AE5 /* StemPlayer.swift */; };
/* End PBXBuildFile section */

/* Begin PBXFileReference section */
		DD5CB5E827D1BA3200870E02 /* InfoView.swift */ = {isa = PBXFileReference; lastKnownFileType = sourcecode.swift; path = InfoView.swift; sourceTree = "<group>"; };
		DD7E9B7127CAF2C70011A5B1 /* Stem Player.app */ = {isa = PBXFileReference; explicitFileType = wrapper.application; includeInIndex = 0; path = "Stem Player.app"; sourceTree = BUILT_PRODUCTS_DIR; };
		DD7E9B7427CAF2C70011A5B1 /* Stem_PlayerApp.swift */ = {isa = PBXFileReference; lastKnownFileType = sourcecode.swift; path = Stem_PlayerApp.swift; sourceTree = "<group>"; };
		DD7E9B7827CAF2C80011A5B1 /* Assets.xcassets */ = {isa = PBXFileReference; lastKnownFileType = folder.assetcatalog; path = Assets.xcassets; sourceTree = "<group>"; };
		DD7E9B7B27CAF2C80011A5B1 /* Preview Assets.xcassets */ = {isa = PBXFileReference; lastKnownFileType = folder.assetcatalog; path = "Preview Assets.xcassets"; sourceTree = "<group>"; };
		DD7E9B8227CAF2DF0011A5B1 /* ContentView.swift */ = {isa = PBXFileReference; fileEncoding = 4; lastKnownFileType = sourcecode.swift; path = ContentView.swift; sourceTree = "<group>"; };
		DD7E9B8327CAF2DF0011A5B1 /* DocumentPicker.swift */ = {isa = PBXFileReference; fileEncoding = 4; lastKnownFileType = sourcecode.swift; path = DocumentPicker.swift; sourceTree = "<group>"; };
		DD9CC66427CDE14700B8D0A0 /* Shared.swift */ = {isa = PBXFileReference; lastKnownFileType = sourcecode.swift; path = Shared.swift; sourceTree = "<group>"; };
		DD9CC66627CDE2B200B8D0A0 /* LibraryView.swift */ = {isa = PBXFileReference; lastKnownFileType = sourcecode.swift; path = LibraryView.swift; sourceTree = "<group>"; };
		DD9F1BDE27CD4A0800FF7AE5 /* AddSongView.swift */ = {isa = PBXFileReference; lastKnownFileType = sourcecode.swift; path = AddSongView.swift; sourceTree = "<group>"; };
		DD9F1BE027CD528800FF7AE5 /* Track.swift */ = {isa = PBXFileReference; lastKnownFileType = sourcecode.swift; path = Track.swift; sourceTree = "<group>"; };
		DD9F1BE227CD52C700FF7AE5 /* StemPlayer.swift */ = {isa = PBXFileReference; lastKnownFileType = sourcecode.swift; path = StemPlayer.swift; sourceTree = "<group>"; };
/* End PBXFileReference section */

/* Begin PBXFrameworksBuildPhase section */
		DD7E9B6E27CAF2C70011A5B1 /* Frameworks */ = {
			isa = PBXFrameworksBuildPhase;
			buildActionMask = 2147483647;
			files = (
				DD5CB5E727D19F7800870E02 /* ColorPickerRing in Frameworks */,
			);
			runOnlyForDeploymentPostprocessing = 0;
		};
/* End PBXFrameworksBuildPhase section */

/* Begin PBXGroup section */
		DD7E9B6827CAF2C70011A5B1 = {
			isa = PBXGroup;
			children = (
				DD7E9B7327CAF2C70011A5B1 /* Stem Player */,
				DD7E9B7227CAF2C70011A5B1 /* Products */,
			);
			sourceTree = "<group>";
		};
		DD7E9B7227CAF2C70011A5B1 /* Products */ = {
			isa = PBXGroup;
			children = (
				DD7E9B7127CAF2C70011A5B1 /* Stem Player.app */,
			);
			name = Products;
			sourceTree = "<group>";
		};
		DD7E9B7327CAF2C70011A5B1 /* Stem Player */ = {
			isa = PBXGroup;
			children = (
				DD7E9B7427CAF2C70011A5B1 /* Stem_PlayerApp.swift */,
				DD7E9B8327CAF2DF0011A5B1 /* DocumentPicker.swift */,
				DD9F1BDE27CD4A0800FF7AE5 /* AddSongView.swift */,
				DD9F1BE027CD528800FF7AE5 /* Track.swift */,
				DD9F1BE227CD52C700FF7AE5 /* StemPlayer.swift */,
				DD9CC66627CDE2B200B8D0A0 /* LibraryView.swift */,
				DD5CB5E827D1BA3200870E02 /* InfoView.swift */,
				DD9CC66427CDE14700B8D0A0 /* Shared.swift */,
				DD7E9B8227CAF2DF0011A5B1 /* ContentView.swift */,
				DD7E9B7827CAF2C80011A5B1 /* Assets.xcassets */,
				DD7E9B7A27CAF2C80011A5B1 /* Preview Content */,
			);
			path = "Stem Player";
			sourceTree = "<group>";
		};
		DD7E9B7A27CAF2C80011A5B1 /* Preview Content */ = {
			isa = PBXGroup;
			children = (
				DD7E9B7B27CAF2C80011A5B1 /* Preview Assets.xcassets */,
			);
			path = "Preview Content";
			sourceTree = "<group>";
		};
/* End PBXGroup section */

/* Begin PBXNativeTarget section */
		DD7E9B7027CAF2C70011A5B1 /* Stem Player */ = {
			isa = PBXNativeTarget;
			buildConfigurationList = DD7E9B7F27CAF2C80011A5B1 /* Build configuration list for PBXNativeTarget "Stem Player" */;
			buildPhases = (
				DD7E9B6D27CAF2C70011A5B1 /* Sources */,
				DD7E9B6E27CAF2C70011A5B1 /* Frameworks */,
				DD7E9B6F27CAF2C70011A5B1 /* Resources */,
			);
			buildRules = (
			);
			dependencies = (
			);
			name = "Stem Player";
			packageProductDependencies = (
				DD5CB5E627D19F7800870E02 /* ColorPickerRing */,
			);
			productName = "Stem Player";
			productReference = DD7E9B7127CAF2C70011A5B1 /* Stem Player.app */;
			productType = "com.apple.product-type.application";
		};
/* End PBXNativeTarget section */

/* Begin PBXProject section */
		DD7E9B6927CAF2C70011A5B1 /* Project object */ = {
			isa = PBXProject;
			attributes = {
				BuildIndependentTargetsInParallel = 1;
				LastSwiftUpdateCheck = 1300;
				LastUpgradeCheck = 1300;
				TargetAttributes = {
					DD7E9B7027CAF2C70011A5B1 = {
						CreatedOnToolsVersion = 13.0;
					};
				};
			};
			buildConfigurationList = DD7E9B6C27CAF2C70011A5B1 /* Build configuration list for PBXProject "Stem Player" */;
			compatibilityVersion = "Xcode 13.0";
			developmentRegion = en;
			hasScannedForEncodings = 0;
			knownRegions = (
				en,
				Base,
			);
			mainGroup = DD7E9B6827CAF2C70011A5B1;
			packageReferences = (
				DD5CB5E527D19F7800870E02 /* XCRemoteSwiftPackageReference "ColorPicker" */,
			);
			productRefGroup = DD7E9B7227CAF2C70011A5B1 /* Products */;
			projectDirPath = "";
			projectRoot = "";
			targets = (
				DD7E9B7027CAF2C70011A5B1 /* Stem Player */,
			);
		};
/* End PBXProject section */

/* Begin PBXResourcesBuildPhase section */
		DD7E9B6F27CAF2C70011A5B1 /* Resources */ = {
			isa = PBXResourcesBuildPhase;
			buildActionMask = 2147483647;
			files = (
				DD7E9B7C27CAF2C80011A5B1 /* Preview Assets.xcassets in Resources */,
				DD7E9B7927CAF2C80011A5B1 /* Assets.xcassets in Resources */,
			);
			runOnlyForDeploymentPostprocessing = 0;
		};
/* End PBXResourcesBuildPhase section */

/* Begin PBXSourcesBuildPhase section */
		DD7E9B6D27CAF2C70011A5B1 /* Sources */ = {
			isa = PBXSourcesBuildPhase;
			buildActionMask = 2147483647;
			files = (
				DD9CC66527CDE14700B8D0A0 /* Shared.swift in Sources */,
				DD9F1BDF27CD4A0800FF7AE5 /* AddSongView.swift in Sources */,
				DD9F1BE127CD528800FF7AE5 /* Track.swift in Sources */,
				DD7E9B8527CAF2DF0011A5B1 /* DocumentPicker.swift in Sources */,
				DD9CC66727CDE2B200B8D0A0 /* LibraryView.swift in Sources */,
				DD7E9B7527CAF2C70011A5B1 /* Stem_PlayerApp.swift in Sources */,
				DD7E9B8427CAF2DF0011A5B1 /* ContentView.swift in Sources */,
				DD5CB5E927D1BA3200870E02 /* InfoView.swift in Sources */,
				DD9F1BE327CD52C700FF7AE5 /* StemPlayer.swift in Sources */,
			);
			runOnlyForDeploymentPostprocessing = 0;
		};
/* End PBXSourcesBuildPhase section */

/* Begin XCBuildConfiguration section */
		DD7E9B7D27CAF2C80011A5B1 /* Debug */ = {
			isa = XCBuildConfiguration;
			buildSettings = {
				ALWAYS_SEARCH_USER_PATHS = NO;
				CLANG_ANALYZER_NONNULL = YES;
				CLANG_ANALYZER_NUMBER_OBJECT_CONVERSION = YES_AGGRESSIVE;
				CLANG_CXX_LANGUAGE_STANDARD = "gnu++17";
				CLANG_CXX_LIBRARY = "libc++";
				CLANG_ENABLE_MODULES = YES;
				CLANG_ENABLE_OBJC_ARC = YES;
				CLANG_ENABLE_OBJC_WEAK = YES;
				CLANG_WARN_BLOCK_CAPTURE_AUTORELEASING = YES;
				CLANG_WARN_BOOL_CONVERSION = YES;
				CLANG_WARN_COMMA = YES;
				CLANG_WARN_CONSTANT_CONVERSION = YES;
				CLANG_WARN_DEPRECATED_OBJC_IMPLEMENTATIONS = YES;
				CLANG_WARN_DIRECT_OBJC_ISA_USAGE = YES_ERROR;
				CLANG_WARN_DOCUMENTATION_COMMENTS = YES;
				CLANG_WARN_EMPTY_BODY = YES;
				CLANG_WARN_ENUM_CONVERSION = YES;
				CLANG_WARN_INFINITE_RECURSION = YES;
				CLANG_WARN_INT_CONVERSION = YES;
				CLANG_WARN_NON_LITERAL_NULL_CONVERSION = YES;
				CLANG_WARN_OBJC_IMPLICIT_RETAIN_SELF = YES;
				CLANG_WARN_OBJC_LITERAL_CONVERSION = YES;
				CLANG_WARN_OBJC_ROOT_CLASS = YES_ERROR;
				CLANG_WARN_QUOTED_INCLUDE_IN_FRAMEWORK_HEADER = YES;
				CLANG_WARN_RANGE_LOOP_ANALYSIS = YES;
				CLANG_WARN_STRICT_PROTOTYPES = YES;
				CLANG_WARN_SUSPICIOUS_MOVE = YES;
				CLANG_WARN_UNGUARDED_AVAILABILITY = YES_AGGRESSIVE;
				CLANG_WARN_UNREACHABLE_CODE = YES;
				CLANG_WARN__DUPLICATE_METHOD_MATCH = YES;
				COPY_PHASE_STRIP = NO;
				DEBUG_INFORMATION_FORMAT = dwarf;
				ENABLE_STRICT_OBJC_MSGSEND = YES;
				ENABLE_TESTABILITY = YES;
				GCC_C_LANGUAGE_STANDARD = gnu11;
				GCC_DYNAMIC_NO_PIC = NO;
				GCC_NO_COMMON_BLOCKS = YES;
				GCC_OPTIMIZATION_LEVEL = 0;
				GCC_PREPROCESSOR_DEFINITIONS = (
					"DEBUG=1",
					"$(inherited)",
				);
				GCC_WARN_64_TO_32_BIT_CONVERSION = YES;
				GCC_WARN_ABOUT_RETURN_TYPE = YES_ERROR;
				GCC_WARN_UNDECLARED_SELECTOR = YES;
				GCC_WARN_UNINITIALIZED_AUTOS = YES_AGGRESSIVE;
				GCC_WARN_UNUSED_FUNCTION = YES;
				GCC_WARN_UNUSED_VARIABLE = YES;
				IPHONEOS_DEPLOYMENT_TARGET = 15.0;
				MTL_ENABLE_DEBUG_INFO = INCLUDE_SOURCE;
				MTL_FAST_MATH = YES;
				ONLY_ACTIVE_ARCH = YES;
				SDKROOT = iphoneos;
				SWIFT_ACTIVE_COMPILATION_CONDITIONS = DEBUG;
				SWIFT_OPTIMIZATION_LEVEL = "-Onone";
			};
			name = Debug;
		};
		DD7E9B7E27CAF2C80011A5B1 /* Release */ = {
			isa = XCBuildConfiguration;
			buildSettings = {
				ALWAYS_SEARCH_USER_PATHS = NO;
				CLANG_ANALYZER_NONNULL = YES;
				CLANG_ANALYZER_NUMBER_OBJECT_CONVERSION = YES_AGGRESSIVE;
				CLANG_CXX_LANGUAGE_STANDARD = "gnu++17";
				CLANG_CXX_LIBRARY = "libc++";
				CLANG_ENABLE_MODULES = YES;
				CLANG_ENABLE_OBJC_ARC = YES;
				CLANG_ENABLE_OBJC_WEAK = YES;
				CLANG_WARN_BLOCK_CAPTURE_AUTORELEASING = YES;
				CLANG_WARN_BOOL_CONVERSION = YES;
				CLANG_WARN_COMMA = YES;
				CLANG_WARN_CONSTANT_CONVERSION = YES;
				CLANG_WARN_DEPRECATED_OBJC_IMPLEMENTATIONS = YES;
				CLANG_WARN_DIRECT_OBJC_ISA_USAGE = YES_ERROR;
				CLANG_WARN_DOCUMENTATION_COMMENTS = YES;
				CLANG_WARN_EMPTY_BODY = YES;
				CLANG_WARN_ENUM_CONVERSION = YES;
				CLANG_WARN_INFINITE_RECURSION = YES;
				CLANG_WARN_INT_CONVERSION = YES;
				CLANG_WARN_NON_LITERAL_NULL_CONVERSION = YES;
				CLANG_WARN_OBJC_IMPLICIT_RETAIN_SELF = YES;
				CLANG_WARN_OBJC_LITERAL_CONVERSION = YES;
				CLANG_WARN_OBJC_ROOT_CLASS = YES_ERROR;
				CLANG_WARN_QUOTED_INCLUDE_IN_FRAMEWORK_HEADER = YES;
				CLANG_WARN_RANGE_LOOP_ANALYSIS = YES;
				CLANG_WARN_STRICT_PROTOTYPES = YES;
				CLANG_WARN_SUSPICIOUS_MOVE = YES;
				CLANG_WARN_UNGUARDED_AVAILABILITY = YES_AGGRESSIVE;
				CLANG_WARN_UNREACHABLE_CODE = YES;
				CLANG_WARN__DUPLICATE_METHOD_MATCH = YES;
				COPY_PHASE_STRIP = NO;
				DEBUG_INFORMATION_FORMAT = "dwarf-with-dsym";
				ENABLE_NS_ASSERTIONS = NO;
				ENABLE_STRICT_OBJC_MSGSEND = YES;
				GCC_C_LANGUAGE_STANDARD = gnu11;
				GCC_NO_COMMON_BLOCKS = YES;
				GCC_WARN_64_TO_32_BIT_CONVERSION = YES;
				GCC_WARN_ABOUT_RETURN_TYPE = YES_ERROR;
				GCC_WARN_UNDECLARED_SELECTOR = YES;
				GCC_WARN_UNINITIALIZED_AUTOS = YES_AGGRESSIVE;
				GCC_WARN_UNUSED_FUNCTION = YES;
				GCC_WARN_UNUSED_VARIABLE = YES;
				IPHONEOS_DEPLOYMENT_TARGET = 15.0;
				MTL_ENABLE_DEBUG_INFO = NO;
				MTL_FAST_MATH = YES;
				SDKROOT = iphoneos;
				SWIFT_COMPILATION_MODE = wholemodule;
				SWIFT_OPTIMIZATION_LEVEL = "-O";
				VALIDATE_PRODUCT = YES;
			};
			name = Release;
		};
		DD7E9B8027CAF2C80011A5B1 /* Debug */ = {
			isa = XCBuildConfiguration;
			buildSettings = {
				ASSETCATALOG_COMPILER_APPICON_NAME = AppIcon;
				ASSETCATALOG_COMPILER_GLOBAL_ACCENT_COLOR_NAME = AccentColor;
				CODE_SIGN_STYLE = Automatic;
				CURRENT_PROJECT_VERSION = 2;
				DEVELOPMENT_ASSET_PATHS = "\"Stem Player/Preview Content\"";
				DEVELOPMENT_TEAM = YA924NN5VN;
				ENABLE_PREVIEWS = YES;
				GENERATE_INFOPLIST_FILE = YES;
				INFOPLIST_FILE = "Stem-Player-Info.plist";
				INFOPLIST_KEY_UIApplicationSceneManifest_Generation = YES;
				INFOPLIST_KEY_UIApplicationSupportsIndirectInputEvents = YES;
				INFOPLIST_KEY_UILaunchScreen_Generation = YES;
				INFOPLIST_KEY_UISupportedInterfaceOrientations_iPad = "UIInterfaceOrientationPortrait UIInterfaceOrientationPortraitUpsideDown UIInterfaceOrientationLandscapeLeft UIInterfaceOrientationLandscapeRight";
				INFOPLIST_KEY_UISupportedInterfaceOrientations_iPhone = "UIInterfaceOrientationPortrait UIInterfaceOrientationLandscapeLeft UIInterfaceOrientationLandscapeRight";
				IPHONEOS_DEPLOYMENT_TARGET = 14.0;
				LD_RUNPATH_SEARCH_PATHS = (
					"$(inherited)",
					"@executable_path/Frameworks",
				);
				MARKETING_VERSION = 1.0.1;
				PRODUCT_BUNDLE_IDENTIFIER = "dev.thatcherclough.Stem-Player";
				PRODUCT_NAME = "$(TARGET_NAME)";
				SWIFT_EMIT_LOC_STRINGS = YES;
				SWIFT_VERSION = 5.0;
				TARGETED_DEVICE_FAMILY = "1,2";
			};
			name = Debug;
		};
		DD7E9B8127CAF2C80011A5B1 /* Release */ = {
			isa = XCBuildConfiguration;
			buildSettings = {
				ASSETCATALOG_COMPILER_APPICON_NAME = AppIcon;
				ASSETCATALOG_COMPILER_GLOBAL_ACCENT_COLOR_NAME = AccentColor;
				CODE_SIGN_STYLE = Automatic;
				CURRENT_PROJECT_VERSION = 2;
				DEVELOPMENT_ASSET_PATHS = "\"Stem Player/Preview Content\"";
				DEVELOPMENT_TEAM = YA924NN5VN;
				ENABLE_PREVIEWS = YES;
				GENERATE_INFOPLIST_FILE = YES;
				INFOPLIST_FILE = "Stem-Player-Info.plist";
				INFOPLIST_KEY_UIApplicationSceneManifest_Generation = YES;
				INFOPLIST_KEY_UIApplicationSupportsIndirectInputEvents = YES;
				INFOPLIST_KEY_UILaunchScreen_Generation = YES;
				INFOPLIST_KEY_UISupportedInterfaceOrientations_iPad = "UIInterfaceOrientationPortrait UIInterfaceOrientationPortraitUpsideDown UIInterfaceOrientationLandscapeLeft UIInterfaceOrientationLandscapeRight";
				INFOPLIST_KEY_UISupportedInterfaceOrientations_iPhone = "UIInterfaceOrientationPortrait UIInterfaceOrientationLandscapeLeft UIInterfaceOrientationLandscapeRight";
				IPHONEOS_DEPLOYMENT_TARGET = 14.0;
				LD_RUNPATH_SEARCH_PATHS = (
					"$(inherited)",
					"@executable_path/Frameworks",
				);
				MARKETING_VERSION = 1.0.1;
				PRODUCT_BUNDLE_IDENTIFIER = "dev.thatcherclough.Stem-Player";
				PRODUCT_NAME = "$(TARGET_NAME)";
				SWIFT_EMIT_LOC_STRINGS = YES;
				SWIFT_VERSION = 5.0;
				TARGETED_DEVICE_FAMILY = "1,2";
			};
			name = Release;
		};
/* End XCBuildConfiguration section */

/* Begin XCConfigurationList section */
		DD7E9B6C27CAF2C70011A5B1 /* Build configuration list for PBXProject "Stem Player" */ = {
			isa = XCConfigurationList;
			buildConfigurations = (
				DD7E9B7D27CAF2C80011A5B1 /* Debug */,
				DD7E9B7E27CAF2C80011A5B1 /* Release */,
			);
			defaultConfigurationIsVisible = 0;
			defaultConfigurationName = Release;
		};
		DD7E9B7F27CAF2C80011A5B1 /* Build configuration list for PBXNativeTarget "Stem Player" */ = {
			isa = XCConfigurationList;
			buildConfigurations = (
				DD7E9B8027CAF2C80011A5B1 /* Debug */,
				DD7E9B8127CAF2C80011A5B1 /* Release */,
			);
			defaultConfigurationIsVisible = 0;
			defaultConfigurationName = Release;
		};
/* End XCConfigurationList section */

/* Begin XCRemoteSwiftPackageReference section */
		DD5CB5E527D19F7800870E02 /* XCRemoteSwiftPackageReference "ColorPicker" */ = {
			isa = XCRemoteSwiftPackageReference;
			repositoryURL = "https://github.com/hendriku/ColorPicker";
			requirement = {
				kind = upToNextMajorVersion;
				minimumVersion = 2.0.0;
			};
		};
/* End XCRemoteSwiftPackageReference section */

/* Begin XCSwiftPackageProductDependency section */
		DD5CB5E627D19F7800870E02 /* ColorPickerRing */ = {
			isa = XCSwiftPackageProductDependency;
			package = DD5CB5E527D19F7800870E02 /* XCRemoteSwiftPackageReference "ColorPicker" */;
			productName = ColorPickerRing;
		};
/* End XCSwiftPackageProductDependency section */
	};
	rootObject = DD7E9B6927CAF2C70011A5B1 /* Project object */;
}
